
Microsoft Visual Studio Solution File, Format Version 12.00
# Visual Studio Version 16
VisualStudioVersion = 16.0.31321.278
MinimumVisualStudioVersion = 10.0.40219.1
Project("{9A19103F-16F7-4668-BE54-9A1E7A4F7556}") = "eProject.Data", "eProject.Data\eProject.Data.csproj", "{D0B42A13-D458-4D0D-BD0A-B882FFACEAB2}"
EndProject
Project("{9A19103F-16F7-4668-BE54-9A1E7A4F7556}") = "eProject.BackendApi", "eProject.BackendApi\eProject.BackendApi.csproj", "{0CA38B8A-7A68-497A-8B40-4F31E7CCB9E6}"
EndProject
Project("{9A19103F-16F7-4668-BE54-9A1E7A4F7556}") = "eProject.Application", "eProject.Application\eProject.Application.csproj", "{2ECA01A2-9824-403F-B696-5A5E9E139055}"
EndProject
Project("{2150E333-8FDC-42A3-9474-1A3956D46DE8}") = "2. Domain", "2. Domain", "{3D62A8E8-1906-42DE-A41C-61A075942702}"
EndProject
Project("{2150E333-8FDC-42A3-9474-1A3956D46DE8}") = "3. Host", "3. Host", "{89A03EC3-48B6-4075-9288-A9195090E877}"
EndProject
Project("{2150E333-8FDC-42A3-9474-1A3956D46DE8}") = "1. Infrastructure", "1. Infrastructure", "{46FACD15-F6DA-452B-B777-D8E223D3DC18}"
EndProject
Project("{FAE04EC0-301F-11D3-BF4B-00C04F79EFBC}") = "eProject.ViewModel", "eProject.ViewModel\eProject.ViewModel.csproj", "{E8EB5E62-9A19-4AB5-B3E5-8BC277717901}"
EndProject
Project("{FAE04EC0-301F-11D3-BF4B-00C04F79EFBC}") = "eProject.Uitilities", "eProject.Uitilities\eProject.Uitilities.csproj", "{55ACD5D3-E4E7-4E0A-A1F3-40430B17203D}"
EndProject
Global
	GlobalSection(SolutionConfigurationPlatforms) = preSolution
		Debug|Any CPU = Debug|Any CPU
		Release|Any CPU = Release|Any CPU
	EndGlobalSection
	GlobalSection(ProjectConfigurationPlatforms) = postSolution
		{D0B42A13-D458-4D0D-BD0A-B882FFACEAB2}.Debug|Any CPU.ActiveCfg = Debug|Any CPU
		{D0B42A13-D458-4D0D-BD0A-B882FFACEAB2}.Debug|Any CPU.Build.0 = Debug|Any CPU
		{D0B42A13-D458-4D0D-BD0A-B882FFACEAB2}.Release|Any CPU.ActiveCfg = Release|Any CPU
		{D0B42A13-D458-4D0D-BD0A-B882FFACEAB2}.Release|Any CPU.Build.0 = Release|Any CPU
		{0CA38B8A-7A68-497A-8B40-4F31E7CCB9E6}.Debug|Any CPU.ActiveCfg = Debug|Any CPU
		{0CA38B8A-7A68-497A-8B40-4F31E7CCB9E6}.Debug|Any CPU.Build.0 = Debug|Any CPU
		{0CA38B8A-7A68-497A-8B40-4F31E7CCB9E6}.Release|Any CPU.ActiveCfg = Release|Any CPU
		{0CA38B8A-7A68-497A-8B40-4F31E7CCB9E6}.Release|Any CPU.Build.0 = Release|Any CPU
		{2ECA01A2-9824-403F-B696-5A5E9E139055}.Debug|Any CPU.ActiveCfg = Debug|Any CPU
		{2ECA01A2-9824-403F-B696-5A5E9E139055}.Debug|Any CPU.Build.0 = Debug|Any CPU
		{2ECA01A2-9824-403F-B696-5A5E9E139055}.Release|Any CPU.ActiveCfg = Release|Any CPU
		{2ECA01A2-9824-403F-B696-5A5E9E139055}.Release|Any CPU.Build.0 = Release|Any CPU
		{E8EB5E62-9A19-4AB5-B3E5-8BC277717901}.Debug|Any CPU.ActiveCfg = Debug|Any CPU
		{E8EB5E62-9A19-4AB5-B3E5-8BC277717901}.Debug|Any CPU.Build.0 = Debug|Any CPU
		{E8EB5E62-9A19-4AB5-B3E5-8BC277717901}.Release|Any CPU.ActiveCfg = Release|Any CPU
		{E8EB5E62-9A19-4AB5-B3E5-8BC277717901}.Release|Any CPU.Build.0 = Release|Any CPU
		{55ACD5D3-E4E7-4E0A-A1F3-40430B17203D}.Debug|Any CPU.ActiveCfg = Debug|Any CPU
		{55ACD5D3-E4E7-4E0A-A1F3-40430B17203D}.Debug|Any CPU.Build.0 = Debug|Any CPU
		{55ACD5D3-E4E7-4E0A-A1F3-40430B17203D}.Release|Any CPU.ActiveCfg = Release|Any CPU
		{55ACD5D3-E4E7-4E0A-A1F3-40430B17203D}.Release|Any CPU.Build.0 = Release|Any CPU
	EndGlobalSection
	GlobalSection(SolutionProperties) = preSolution
		HideSolutionNode = FALSE
	EndGlobalSection
	GlobalSection(NestedProjects) = preSolution
		{D0B42A13-D458-4D0D-BD0A-B882FFACEAB2} = {3D62A8E8-1906-42DE-A41C-61A075942702}
		{0CA38B8A-7A68-497A-8B40-4F31E7CCB9E6} = {89A03EC3-48B6-4075-9288-A9195090E877}
		{2ECA01A2-9824-403F-B696-5A5E9E139055} = {3D62A8E8-1906-42DE-A41C-61A075942702}
		{E8EB5E62-9A19-4AB5-B3E5-8BC277717901} = {46FACD15-F6DA-452B-B777-D8E223D3DC18}
		{55ACD5D3-E4E7-4E0A-A1F3-40430B17203D} = {46FACD15-F6DA-452B-B777-D8E223D3DC18}
	EndGlobalSection
	GlobalSection(ExtensibilityGlobals) = postSolution
		SolutionGuid = {B9326F8E-3A11-48C6-A1CB-5C8243DB38F5}
	EndGlobalSection
EndGlobal
